{
  "name": "feiyan-topic-fills",
  "version": "1.0.0",
  "lockfileVersion": 1,
  "requires": true,
  "dependencies": {
    "feiyan-math-input": {
      "version": "1.0.1",
      "resolved": "http://localhost:8888/feiyan-math-input/-/feiyan-math-input-1.0.1.tgz",
      "integrity": "sha512-RXDpMHf8rbgjJBZHUrfp/H/KTY1Okin7aPt16HcCg+SmOzIGRabA92xJWfwEze4/sCUW40YuW+HBiCGM0TzgKQ=="
    }
  }
}
